
Microsoft Visual Studio Solution File, Format Version 12.00
Project("{FAE04EC0-301F-11D3-BF4B-00C04F79EFBC}") = "SignalRLearn", "SignalRLearn\SignalRLearn.csproj", "{F7C127D4-8AE7-4840-8EBA-0E873831D55F}"
EndProject
Project("{FAE04EC0-301F-11D3-BF4B-00C04F79EFBC}") = "Client", "Client\Client.csproj", "{B1747153-90EB-4C74-B233-C1C7D7693EE6}"
EndProject
Project("{FAE04EC0-301F-11D3-BF4B-00C04F79EFBC}") = "SignalRLearnJWT", "SignalRLearnJWT\SignalRLearnJWT.csproj", "{5FD921A9-2BD1-41FB-B8FE-C2A5A18FA8D2}"
EndProject
Global
	GlobalSection(SolutionConfigurationPlatforms) = preSolution
		Debug|Any CPU = Debug|Any CPU
		Release|Any CPU = Release|Any CPU
	EndGlobalSection
	GlobalSection(ProjectConfigurationPlatforms) = postSolution
		{F7C127D4-8AE7-4840-8EBA-0E873831D55F}.Debug|Any CPU.ActiveCfg = Debug|Any CPU
		{F7C127D4-8AE7-4840-8EBA-0E873831D55F}.Debug|Any CPU.Build.0 = Debug|Any CPU
		{F7C127D4-8AE7-4840-8EBA-0E873831D55F}.Release|Any CPU.ActiveCfg = Release|Any CPU
		{F7C127D4-8AE7-4840-8EBA-0E873831D55F}.Release|Any CPU.Build.0 = Release|Any CPU
		{B1747153-90EB-4C74-B233-C1C7D7693EE6}.Debug|Any CPU.ActiveCfg = Debug|Any CPU
		{B1747153-90EB-4C74-B233-C1C7D7693EE6}.Debug|Any CPU.Build.0 = Debug|Any CPU
		{B1747153-90EB-4C74-B233-C1C7D7693EE6}.Release|Any CPU.ActiveCfg = Release|Any CPU
		{B1747153-90EB-4C74-B233-C1C7D7693EE6}.Release|Any CPU.Build.0 = Release|Any CPU
		{5FD921A9-2BD1-41FB-B8FE-C2A5A18FA8D2}.Debug|Any CPU.ActiveCfg = Debug|Any CPU
		{5FD921A9-2BD1-41FB-B8FE-C2A5A18FA8D2}.Debug|Any CPU.Build.0 = Debug|Any CPU
		{5FD921A9-2BD1-41FB-B8FE-C2A5A18FA8D2}.Release|Any CPU.ActiveCfg = Release|Any CPU
		{5FD921A9-2BD1-41FB-B8FE-C2A5A18FA8D2}.Release|Any CPU.Build.0 = Release|Any CPU
	EndGlobalSection
EndGlobal
